
Microsoft Visual Studio Solution File, Format Version 12.00
# Visual Studio Version 16
VisualStudioVersion = 16.0.28917.181
MinimumVisualStudioVersion = 10.0.40219.1
Project("{FAE04EC0-301F-11D3-BF4B-00C04F79EFBC}") = "NetcoreMvcBasic", "NetcoreMvcBasic\NetcoreMvcBasic.csproj", "{0EF1199A-1967-43C7-AD63-A6063B034039}"
EndProject
Project("{FAE04EC0-301F-11D3-BF4B-00C04F79EFBC}") = "NetcoreMvcBasic.Business", "NetcoreMvcBasic.Business\NetcoreMvcBasic.Business.csproj", "{29003086-A4AF-4BD3-BD02-20A03E8ADE8D}"
EndProject
Global
	GlobalSection(SolutionConfigurationPlatforms) = preSolution
		Debug|Any CPU = Debug|Any CPU
		Release|Any CPU = Release|Any CPU
	EndGlobalSection
	GlobalSection(ProjectConfigurationPlatforms) = postSolution
		{0EF1199A-1967-43C7-AD63-A6063B034039}.Debug|Any CPU.ActiveCfg = Debug|Any CPU
		{0EF1199A-1967-43C7-AD63-A6063B034039}.Debug|Any CPU.Build.0 = Debug|Any CPU
		{0EF1199A-1967-43C7-AD63-A6063B034039}.Release|Any CPU.ActiveCfg = Release|Any CPU
		{0EF1199A-1967-43C7-AD63-A6063B034039}.Release|Any CPU.Build.0 = Release|Any CPU
		{29003086-A4AF-4BD3-BD02-20A03E8ADE8D}.Debug|Any CPU.ActiveCfg = Debug|Any CPU
		{29003086-A4AF-4BD3-BD02-20A03E8ADE8D}.Debug|Any CPU.Build.0 = Debug|Any CPU
		{29003086-A4AF-4BD3-BD02-20A03E8ADE8D}.Release|Any CPU.ActiveCfg = Release|Any CPU
		{29003086-A4AF-4BD3-BD02-20A03E8ADE8D}.Release|Any CPU.Build.0 = Release|Any CPU
	EndGlobalSection
	GlobalSection(SolutionProperties) = preSolution
		HideSolutionNode = FALSE
	EndGlobalSection
	GlobalSection(ExtensibilityGlobals) = postSolution
		SolutionGuid = {A14E2CD4-8961-4054-9B86-307EAABB139D}
	EndGlobalSection
EndGlobal
